// !$*UTF8*$!
{
	archiveVersion = 1;
	classes = {
	};
	objectVersion = 46;
	objects = {

/* Begin PBXBuildFile section */
		B6032E1D1DEE64D50060FB0E /* NSData+GQImageViewrCategory.m in Sources */ = {isa = PBXBuildFile; fileRef = B6032E1C1DEE64D50060FB0E /* NSData+GQImageViewrCategory.m */; };
		B6032E201DEE64EA0060FB0E /* NSString+GQImageViewrCategory.m in Sources */ = {isa = PBXBuildFile; fileRef = B6032E1F1DEE64EA0060FB0E /* NSString+GQImageViewrCategory.m */; };
		B6032E241DEE65B00060FB0E /* GQBaseCollectionView.m in Sources */ = {isa = PBXBuildFile; fileRef = B6032E231DEE65B00060FB0E /* GQBaseCollectionView.m */; };
		B6032E271DEE65C10060FB0E /* GQImageViewrBaseObject.m in Sources */ = {isa = PBXBuildFile; fileRef = B6032E261DEE65C10060FB0E /* GQImageViewrBaseObject.m */; };
		B6032E331DEE67290060FB0E /* GQImageViewerModel.m in Sources */ = {isa = PBXBuildFile; fileRef = B6032E2B1DEE67290060FB0E /* GQImageViewerModel.m */; };
		B6032E341DEE67290060FB0E /* GQImageCollectionView.m in Sources */ = {isa = PBXBuildFile; fileRef = B6032E2E1DEE67290060FB0E /* GQImageCollectionView.m */; };
		B6032E351DEE67290060FB0E /* GQImageScrollView.m in Sources */ = {isa = PBXBuildFile; fileRef = B6032E301DEE67290060FB0E /* GQImageScrollView.m */; };
		B6032E361DEE67290060FB0E /* GQTextScrollView.m in Sources */ = {isa = PBXBuildFile; fileRef = B6032E321DEE67290060FB0E /* GQTextScrollView.m */; };
		B6032E391DEE67DA0060FB0E /* GQImageViewrConfigure.m in Sources */ = {isa = PBXBuildFile; fileRef = B6032E381DEE67DA0060FB0E /* GQImageViewrConfigure.m */; };
		B60B3FC11DF0FC6C00EBF9DA /* 1.jpg in Resources */ = {isa = PBXBuildFile; fileRef = B60B3FB61DF0FC6C00EBF9DA /* 1.jpg */; };
		B60B3FC21DF0FC6C00EBF9DA /* 2.jpg in Resources */ = {isa = PBXBuildFile; fileRef = B60B3FB71DF0FC6C00EBF9DA /* 2.jpg */; };
		B60B3FC31DF0FC6C00EBF9DA /* 3.jpg in Resources */ = {isa = PBXBuildFile; fileRef = B60B3FB81DF0FC6C00EBF9DA /* 3.jpg */; };
		B60B3FC41DF0FC6C00EBF9DA /* 4.jpg in Resources */ = {isa = PBXBuildFile; fileRef = B60B3FB91DF0FC6C00EBF9DA /* 4.jpg */; };
		B60B3FC51DF0FC6C00EBF9DA /* 5.jpg in Resources */ = {isa = PBXBuildFile; fileRef = B60B3FBA1DF0FC6C00EBF9DA /* 5.jpg */; };
		B60B3FC61DF0FC6C00EBF9DA /* 6.jpg in Resources */ = {isa = PBXBuildFile; fileRef = B60B3FBB1DF0FC6C00EBF9DA /* 6.jpg */; };
		B60B3FC71DF0FC6C00EBF9DA /* 7.jpg in Resources */ = {isa = PBXBuildFile; fileRef = B60B3FBC1DF0FC6C00EBF9DA /* 7.jpg */; };
		B60B3FC81DF0FC6C00EBF9DA /* 8.jpg in Resources */ = {isa = PBXBuildFile; fileRef = B60B3FBD1DF0FC6C00EBF9DA /* 8.jpg */; };
		B60B3FC91DF0FC6C00EBF9DA /* 9.jpg in Resources */ = {isa = PBXBuildFile; fileRef = B60B3FBE1DF0FC6C00EBF9DA /* 9.jpg */; };
		B60B3FCA1DF0FC6C00EBF9DA /* 10.jpg in Resources */ = {isa = PBXBuildFile; fileRef = B60B3FBF1DF0FC6C00EBF9DA /* 10.jpg */; };
		B60B3FCB1DF0FC6C00EBF9DA /* 11.jpg in Resources */ = {isa = PBXBuildFile; fileRef = B60B3FC01DF0FC6C00EBF9DA /* 11.jpg */; };
		B61C26CA1E30742700D2F94B /* WebP.framework in Frameworks */ = {isa = PBXBuildFile; fileRef = B61C26C91E30742700D2F94B /* WebP.framework */; };
		B61C26D21E30889F00D2F94B /* Rosetta.webp in Resources */ = {isa = PBXBuildFile; fileRef = B61C26D11E30889F00D2F94B /* Rosetta.webp */; };
		B646A70E1E306A9300C90BAC /* UIImage+GQImageViewrCategory.m in Sources */ = {isa = PBXBuildFile; fileRef = B646A70D1E306A9300C90BAC /* UIImage+GQImageViewrCategory.m */; };
		B65C1FFB1D816CF600F1711B /* GQGobalPaths.m in Sources */ = {isa = PBXBuildFile; fileRef = B65C1FF11D816CF600F1711B /* GQGobalPaths.m */; };
		B65C1FFC1D816CF600F1711B /* GQImageCacheManager.m in Sources */ = {isa = PBXBuildFile; fileRef = B65C1FF31D816CF600F1711B /* GQImageCacheManager.m */; };
		B65C1FFD1D816CF600F1711B /* GQImageDataDownload.m in Sources */ = {isa = PBXBuildFile; fileRef = B65C1FF51D816CF600F1711B /* GQImageDataDownload.m */; };
		B65C1FFE1D816CF600F1711B /* GQImageView.m in Sources */ = {isa = PBXBuildFile; fileRef = B65C1FF71D816CF600F1711B /* GQImageView.m */; };
		B65C1FFF1D816CF600F1711B /* GQImageRequestOperation.m in Sources */ = {isa = PBXBuildFile; fileRef = B65C1FF91D816CF600F1711B /* GQImageRequestOperation.m */; };
		B69521781CE2C82F00F288AF /* GQImageViewer.m in Sources */ = {isa = PBXBuildFile; fileRef = B69521721CE2C82F00F288AF /* GQImageViewer.m */; };
		B6FB8CB31DF01F4E009C4494 /* UIView+GQImageViewrCategory.m in Sources */ = {isa = PBXBuildFile; fileRef = B6FB8CB21DF01F4E009C4494 /* UIView+GQImageViewrCategory.m */; };
		B6FF15E71E10CFE100225785 /* GQImageViewrBaseURLRequest.m in Sources */ = {isa = PBXBuildFile; fileRef = B6FF15E61E10CFE100225785 /* GQImageViewrBaseURLRequest.m */; };
		DF0255BA1C34BCCD001E65C2 /* main.m in Sources */ = {isa = PBXBuildFile; fileRef = DF0255B91C34BCCD001E65C2 /* main.m */; };
		DF0255BD1C34BCCD001E65C2 /* AppDelegate.m in Sources */ = {isa = PBXBuildFile; fileRef = DF0255BC1C34BCCD001E65C2 /* AppDelegate.m */; };
		DF0255C81C34BCCD001E65C2 /* Assets.xcassets in Resources */ = {isa = PBXBuildFile; fileRef = DF0255C71C34BCCD001E65C2 /* Assets.xcassets */; };
		DF0255D61C34BCCD001E65C2 /* ImageViewerTests.m in Sources */ = {isa = PBXBuildFile; fileRef = DF0255D51C34BCCD001E65C2 /* ImageViewerTests.m */; };
		DF0255E21C34BD89001E65C2 /* DemoViewController.m in Sources */ = {isa = PBXBuildFile; fileRef = DF0255E11C34BD89001E65C2 /* DemoViewController.m */; };
/* End PBXBuildFile section */

/* Begin PBXContainerItemProxy section */
		DF0255D21C34BCCD001E65C2 /* PBXContainerItemProxy */ = {
			isa = PBXContainerItemProxy;
			containerPortal = DF0255AD1C34BCCD001E65C2 /* Project object */;
			proxyType = 1;
			remoteGlobalIDString = DF0255B41C34BCCD001E65C2;
			remoteInfo = ImageViewer;
		};
/* End PBXContainerItemProxy section */

/* Begin PBXFileReference section */
		B6032E1B1DEE64D50060FB0E /* NSData+GQImageViewrCategory.h */ = {isa = PBXFileReference; fileEncoding = 4; lastKnownFileType = sourcecode.c.h; path = "NSData+GQImageViewrCategory.h"; sourceTree = "<group>"; };
		B6032E1C1DEE64D50060FB0E /* NSData+GQImageViewrCategory.m */ = {isa = PBXFileReference; fileEncoding = 4; lastKnownFileType = sourcecode.c.objc; path = "NSData+GQImageViewrCategory.m"; sourceTree = "<group>"; };
		B6032E1E1DEE64EA0060FB0E /* NSString+GQImageViewrCategory.h */ = {isa = PBXFileReference; fileEncoding = 4; lastKnownFileType = sourcecode.c.h; path = "NSString+GQImageViewrCategory.h"; sourceTree = "<group>"; };
		B6032E1F1DEE64EA0060FB0E /* NSString+GQImageViewrCategory.m */ = {isa = PBXFileReference; fileEncoding = 4; lastKnownFileType = sourcecode.c.objc; path = "NSString+GQImageViewrCategory.m"; sourceTree = "<group>"; };
		B6032E221DEE65B00060FB0E /* GQBaseCollectionView.h */ = {isa = PBXFileReference; fileEncoding = 4; lastKnownFileType = sourcecode.c.h; path = GQBaseCollectionView.h; sourceTree = "<group>"; };
		B6032E231DEE65B00060FB0E /* GQBaseCollectionView.m */ = {isa = PBXFileReference; fileEncoding = 4; lastKnownFileType = sourcecode.c.objc; path = GQBaseCollectionView.m; sourceTree = "<group>"; };
		B6032E251DEE65C10060FB0E /* GQImageViewrBaseObject.h */ = {isa = PBXFileReference; fileEncoding = 4; lastKnownFileType = sourcecode.c.h; path = GQImageViewrBaseObject.h; sourceTree = "<group>"; };
		B6032E261DEE65C10060FB0E /* GQImageViewrBaseObject.m */ = {isa = PBXFileReference; fileEncoding = 4; lastKnownFileType = sourcecode.c.objc; path = GQImageViewrBaseObject.m; sourceTree = "<group>"; };
		B6032E281DEE67290060FB0E /* GQImageViewerConst.h */ = {isa = PBXFileReference; fileEncoding = 4; lastKnownFileType = sourcecode.c.h; path = GQImageViewerConst.h; sourceTree = "<group>"; };
		B6032E2A1DEE67290060FB0E /* GQImageViewerModel.h */ = {isa = PBXFileReference; fileEncoding = 4; lastKnownFileType = sourcecode.c.h; path = GQImageViewerModel.h; sourceTree = "<group>"; };
		B6032E2B1DEE67290060FB0E /* GQImageViewerModel.m */ = {isa = PBXFileReference; fileEncoding = 4; lastKnownFileType = sourcecode.c.objc; path = GQImageViewerModel.m; sourceTree = "<group>"; };
		B6032E2D1DEE67290060FB0E /* GQImageCollectionView.h */ = {isa = PBXFileReference; fileEncoding = 4; lastKnownFileType = sourcecode.c.h; path = GQImageCollectionView.h; sourceTree = "<group>"; };
		B6032E2E1DEE67290060FB0E /* GQImageCollectionView.m */ = {isa = PBXFileReference; fileEncoding = 4; lastKnownFileType = sourcecode.c.objc; path = GQImageCollectionView.m; sourceTree = "<group>"; };
		B6032E2F1DEE67290060FB0E /* GQImageScrollView.h */ = {isa = PBXFileReference; fileEncoding = 4; lastKnownFileType = sourcecode.c.h; path = GQImageScrollView.h; sourceTree = "<group>"; };
		B6032E301DEE67290060FB0E /* GQImageScrollView.m */ = {isa = PBXFileReference; fileEncoding = 4; lastKnownFileType = sourcecode.c.objc; path = GQImageScrollView.m; sourceTree = "<group>"; };
		B6032E311DEE67290060FB0E /* GQTextScrollView.h */ = {isa = PBXFileReference; fileEncoding = 4; lastKnownFileType = sourcecode.c.h; path = GQTextScrollView.h; sourceTree = "<group>"; };
		B6032E321DEE67290060FB0E /* GQTextScrollView.m */ = {isa = PBXFileReference; fileEncoding = 4; lastKnownFileType = sourcecode.c.objc; path = GQTextScrollView.m; sourceTree = "<group>"; };
		B6032E371DEE67DA0060FB0E /* GQImageViewrConfigure.h */ = {isa = PBXFileReference; fileEncoding = 4; lastKnownFileType = sourcecode.c.h; path = GQImageViewrConfigure.h; sourceTree = "<group>"; };
		B6032E381DEE67DA0060FB0E /* GQImageViewrConfigure.m */ = {isa = PBXFileReference; fileEncoding = 4; lastKnownFileType = sourcecode.c.objc; path = GQImageViewrConfigure.m; sourceTree = "<group>"; };
		B60B3FB61DF0FC6C00EBF9DA /* 1.jpg */ = {isa = PBXFileReference; lastKnownFileType = image.jpeg; path = 1.jpg; sourceTree = "<group>"; };
		B60B3FB71DF0FC6C00EBF9DA /* 2.jpg */ = {isa = PBXFileReference; lastKnownFileType = image.jpeg; path = 2.jpg; sourceTree = "<group>"; };
		B60B3FB81DF0FC6C00EBF9DA /* 3.jpg */ = {isa = PBXFileReference; lastKnownFileType = image.jpeg; path = 3.jpg; sourceTree = "<group>"; };
		B60B3FB91DF0FC6C00EBF9DA /* 4.jpg */ = {isa = PBXFileReference; lastKnownFileType = image.jpeg; path = 4.jpg; sourceTree = "<group>"; };
		B60B3FBA1DF0FC6C00EBF9DA /* 5.jpg */ = {isa = PBXFileReference; lastKnownFileType = image.jpeg; path = 5.jpg; sourceTree = "<group>"; };
		B60B3FBB1DF0FC6C00EBF9DA /* 6.jpg */ = {isa = PBXFileReference; lastKnownFileType = image.jpeg; path = 6.jpg; sourceTree = "<group>"; };
		B60B3FBC1DF0FC6C00EBF9DA /* 7.jpg */ = {isa = PBXFileReference; lastKnownFileType = image.jpeg; path = 7.jpg; sourceTree = "<group>"; };
		B60B3FBD1DF0FC6C00EBF9DA /* 8.jpg */ = {isa = PBXFileReference; lastKnownFileType = image.jpeg; path = 8.jpg; sourceTree = "<group>"; };
		B60B3FBE1DF0FC6C00EBF9DA /* 9.jpg */ = {isa = PBXFileReference; lastKnownFileType = image.jpeg; path = 9.jpg; sourceTree = "<group>"; };
		B60B3FBF1DF0FC6C00EBF9DA /* 10.jpg */ = {isa = PBXFileReference; lastKnownFileType = image.jpeg; path = 10.jpg; sourceTree = "<group>"; };
		B60B3FC01DF0FC6C00EBF9DA /* 11.jpg */ = {isa = PBXFileReference; lastKnownFileType = image.jpeg; path = 11.jpg; sourceTree = "<group>"; };
		B61C26C91E30742700D2F94B /* WebP.framework */ = {isa = PBXFileReference; lastKnownFileType = wrapper.framework; path = WebP.framework; sourceTree = "<group>"; };
		B61C26D11E30889F00D2F94B /* Rosetta.webp */ = {isa = PBXFileReference; lastKnownFileType = file; path = Rosetta.webp; sourceTree = "<group>"; };
		B646A70C1E306A9300C90BAC /* UIImage+GQImageViewrCategory.h */ = {isa = PBXFileReference; fileEncoding = 4; lastKnownFileType = sourcecode.c.h; path = "UIImage+GQImageViewrCategory.h"; sourceTree = "<group>"; };
		B646A70D1E306A9300C90BAC /* UIImage+GQImageViewrCategory.m */ = {isa = PBXFileReference; fileEncoding = 4; lastKnownFileType = sourcecode.c.objc; path = "UIImage+GQImageViewrCategory.m"; sourceTree = "<group>"; };
		B65C1FF01D816CF600F1711B /* GQGobalPaths.h */ = {isa = PBXFileReference; fileEncoding = 4; lastKnownFileType = sourcecode.c.h; path = GQGobalPaths.h; sourceTree = "<group>"; };
		B65C1FF11D816CF600F1711B /* GQGobalPaths.m */ = {isa = PBXFileReference; fileEncoding = 4; lastKnownFileType = sourcecode.c.objc; path = GQGobalPaths.m; sourceTree = "<group>"; };
		B65C1FF21D816CF600F1711B /* GQImageCacheManager.h */ = {isa = PBXFileReference; fileEncoding = 4; lastKnownFileType = sourcecode.c.h; path = GQImageCacheManager.h; sourceTree = "<group>"; };
		B65C1FF31D816CF600F1711B /* GQImageCacheManager.m */ = {isa = PBXFileReference; fileEncoding = 4; lastKnownFileType = sourcecode.c.objc; path = GQImageCacheManager.m; sourceTree = "<group>"; };
		B65C1FF41D816CF600F1711B /* GQImageDataDownload.h */ = {isa = PBXFileReference; fileEncoding = 4; lastKnownFileType = sourcecode.c.h; path = GQImageDataDownload.h; sourceTree = "<group>"; };
		B65C1FF51D816CF600F1711B /* GQImageDataDownload.m */ = {isa = PBXFileReference; fileEncoding = 4; lastKnownFileType = sourcecode.c.objc; path = GQImageDataDownload.m; sourceTree = "<group>"; };
		B65C1FF61D816CF600F1711B /* GQImageView.h */ = {isa = PBXFileReference; fileEncoding = 4; lastKnownFileType = sourcecode.c.h; path = GQImageView.h; sourceTree = "<group>"; };
		B65C1FF71D816CF600F1711B /* GQImageView.m */ = {isa = PBXFileReference; fileEncoding = 4; lastKnownFileType = sourcecode.c.objc; path = GQImageView.m; sourceTree = "<group>"; };
		B65C1FF81D816CF600F1711B /* GQImageRequestOperation.h */ = {isa = PBXFileReference; fileEncoding = 4; lastKnownFileType = sourcecode.c.h; path = GQImageRequestOperation.h; sourceTree = "<group>"; };
		B65C1FF91D816CF600F1711B /* GQImageRequestOperation.m */ = {isa = PBXFileReference; fileEncoding = 4; lastKnownFileType = sourcecode.c.objc; path = GQImageRequestOperation.m; sourceTree = "<group>"; };
		B69521711CE2C82F00F288AF /* GQImageViewer.h */ = {isa = PBXFileReference; fileEncoding = 4; lastKnownFileType = sourcecode.c.h; path = GQImageViewer.h; sourceTree = "<group>"; };
		B69521721CE2C82F00F288AF /* GQImageViewer.m */ = {isa = PBXFileReference; fileEncoding = 4; lastKnownFileType = sourcecode.c.objc; path = GQImageViewer.m; sourceTree = "<group>"; };
		B6FB8CB11DF01F4E009C4494 /* UIView+GQImageViewrCategory.h */ = {isa = PBXFileReference; fileEncoding = 4; lastKnownFileType = sourcecode.c.h; path = "UIView+GQImageViewrCategory.h"; sourceTree = "<group>"; };
		B6FB8CB21DF01F4E009C4494 /* UIView+GQImageViewrCategory.m */ = {isa = PBXFileReference; fileEncoding = 4; lastKnownFileType = sourcecode.c.objc; path = "UIView+GQImageViewrCategory.m"; sourceTree = "<group>"; };
		B6FF15E51E10CFE100225785 /* GQImageViewrBaseURLRequest.h */ = {isa = PBXFileReference; fileEncoding = 4; lastKnownFileType = sourcecode.c.h; path = GQImageViewrBaseURLRequest.h; sourceTree = "<group>"; };
		B6FF15E61E10CFE100225785 /* GQImageViewrBaseURLRequest.m */ = {isa = PBXFileReference; fileEncoding = 4; lastKnownFileType = sourcecode.c.objc; path = GQImageViewrBaseURLRequest.m; sourceTree = "<group>"; };
		DF0255B51C34BCCD001E65C2 /* ImageViewer.app */ = {isa = PBXFileReference; explicitFileType = wrapper.application; includeInIndex = 0; path = ImageViewer.app; sourceTree = BUILT_PRODUCTS_DIR; };
		DF0255B91C34BCCD001E65C2 /* main.m */ = {isa = PBXFileReference; lastKnownFileType = sourcecode.c.objc; path = main.m; sourceTree = "<group>"; };
		DF0255BB1C34BCCD001E65C2 /* AppDelegate.h */ = {isa = PBXFileReference; lastKnownFileType = sourcecode.c.h; path = AppDelegate.h; sourceTree = "<group>"; };
		DF0255BC1C34BCCD001E65C2 /* AppDelegate.m */ = {isa = PBXFileReference; lastKnownFileType = sourcecode.c.objc; path = AppDelegate.m; sourceTree = "<group>"; };
		DF0255C71C34BCCD001E65C2 /* Assets.xcassets */ = {isa = PBXFileReference; lastKnownFileType = folder.assetcatalog; path = Assets.xcassets; sourceTree = "<group>"; };
		DF0255CC1C34BCCD001E65C2 /* Info.plist */ = {isa = PBXFileReference; lastKnownFileType = text.plist.xml; path = Info.plist; sourceTree = "<group>"; };
		DF0255D11C34BCCD001E65C2 /* ImageViewerTests.xctest */ = {isa = PBXFileReference; explicitFileType = wrapper.cfbundle; includeInIndex = 0; path = ImageViewerTests.xctest; sourceTree = BUILT_PRODUCTS_DIR; };
		DF0255D51C34BCCD001E65C2 /* ImageViewerTests.m */ = {isa = PBXFileReference; lastKnownFileType = sourcecode.c.objc; path = ImageViewerTests.m; sourceTree = "<group>"; };
		DF0255D71C34BCCD001E65C2 /* Info.plist */ = {isa = PBXFileReference; lastKnownFileType = text.plist.xml; path = Info.plist; sourceTree = "<group>"; };
		DF0255E01C34BD89001E65C2 /* DemoViewController.h */ = {isa = PBXFileReference; fileEncoding = 4; lastKnownFileType = sourcecode.c.h; path = DemoViewController.h; sourceTree = "<group>"; };
		DF0255E11C34BD89001E65C2 /* DemoViewController.m */ = {isa = PBXFileReference; fileEncoding = 4; lastKnownFileType = sourcecode.c.objc; path = DemoViewController.m; sourceTree = "<group>"; };
/* End PBXFileReference section */

/* Begin PBXFrameworksBuildPhase section */
		DF0255B21C34BCCD001E65C2 /* Frameworks */ = {
			isa = PBXFrameworksBuildPhase;
			buildActionMask = 2147483647;
			files = (
				B61C26CA1E30742700D2F94B /* WebP.framework in Frameworks */,
			);
			runOnlyForDeploymentPostprocessing = 0;
		};
		DF0255CE1C34BCCD001E65C2 /* Frameworks */ = {
			isa = PBXFrameworksBuildPhase;
			buildActionMask = 2147483647;
			files = (
			);
			runOnlyForDeploymentPostprocessing = 0;
		};
/* End PBXFrameworksBuildPhase section */

/* Begin PBXGroup section */
		B6032E1A1DEE64D50060FB0E /* GQCategory */ = {
			isa = PBXGroup;
			children = (
				B6032E1B1DEE64D50060FB0E /* NSData+GQImageViewrCategory.h */,
				B6032E1C1DEE64D50060FB0E /* NSData+GQImageViewrCategory.m */,
				B6032E1E1DEE64EA0060FB0E /* NSString+GQImageViewrCategory.h */,
				B6032E1F1DEE64EA0060FB0E /* NSString+GQImageViewrCategory.m */,
				B6FB8CB11DF01F4E009C4494 /* UIView+GQImageViewrCategory.h */,
				B6FB8CB21DF01F4E009C4494 /* UIView+GQImageViewrCategory.m */,
				B646A70C1E306A9300C90BAC /* UIImage+GQImageViewrCategory.h */,
				B646A70D1E306A9300C90BAC /* UIImage+GQImageViewrCategory.m */,
			);
			path = GQCategory;
			sourceTree = "<group>";
		};
		B6032E211DEE65B00060FB0E /* GQBaseObject */ = {
			isa = PBXGroup;
			children = (
				B6032E221DEE65B00060FB0E /* GQBaseCollectionView.h */,
				B6032E231DEE65B00060FB0E /* GQBaseCollectionView.m */,
				B6032E251DEE65C10060FB0E /* GQImageViewrBaseObject.h */,
				B6032E261DEE65C10060FB0E /* GQImageViewrBaseObject.m */,
				B6FF15E51E10CFE100225785 /* GQImageViewrBaseURLRequest.h */,
				B6FF15E61E10CFE100225785 /* GQImageViewrBaseURLRequest.m */,
			);
			path = GQBaseObject;
			sourceTree = "<group>";
		};
		B6032E291DEE67290060FB0E /* GQModel */ = {
			isa = PBXGroup;
			children = (
				B6032E2A1DEE67290060FB0E /* GQImageViewerModel.h */,
				B6032E2B1DEE67290060FB0E /* GQImageViewerModel.m */,
				B6032E371DEE67DA0060FB0E /* GQImageViewrConfigure.h */,
				B6032E381DEE67DA0060FB0E /* GQImageViewrConfigure.m */,
			);
			path = GQModel;
			sourceTree = "<group>";
		};
		B6032E2C1DEE67290060FB0E /* GQView */ = {
			isa = PBXGroup;
			children = (
				B6032E2D1DEE67290060FB0E /* GQImageCollectionView.h */,
				B6032E2E1DEE67290060FB0E /* GQImageCollectionView.m */,
				B6032E2F1DEE67290060FB0E /* GQImageScrollView.h */,
				B6032E301DEE67290060FB0E /* GQImageScrollView.m */,
				B6032E311DEE67290060FB0E /* GQTextScrollView.h */,
				B6032E321DEE67290060FB0E /* GQTextScrollView.m */,
			);
			path = GQView;
			sourceTree = "<group>";
		};
		B60B3FB51DF0FB9B00EBF9DA /* image */ = {
			isa = PBXGroup;
			children = (
				B61C26D11E30889F00D2F94B /* Rosetta.webp */,
				B60B3FB61DF0FC6C00EBF9DA /* 1.jpg */,
				B60B3FB71DF0FC6C00EBF9DA /* 2.jpg */,
				B60B3FB81DF0FC6C00EBF9DA /* 3.jpg */,
				B60B3FB91DF0FC6C00EBF9DA /* 4.jpg */,
				B60B3FBA1DF0FC6C00EBF9DA /* 5.jpg */,
				B60B3FBB1DF0FC6C00EBF9DA /* 6.jpg */,
				B60B3FBC1DF0FC6C00EBF9DA /* 7.jpg */,
				B60B3FBD1DF0FC6C00EBF9DA /* 8.jpg */,
				B60B3FBE1DF0FC6C00EBF9DA /* 9.jpg */,
				B60B3FBF1DF0FC6C00EBF9DA /* 10.jpg */,
				B60B3FC01DF0FC6C00EBF9DA /* 11.jpg */,
			);
			path = image;
			sourceTree = "<group>";
		};
		B61C26C81E30742700D2F94B /* GQThirdPart */ = {
			isa = PBXGroup;
			children = (
				B61C26C91E30742700D2F94B /* WebP.framework */,
			);
			path = GQThirdPart;
			sourceTree = "<group>";
		};
		B65C1FEC1D816CF600F1711B /* GQImageDownload */ = {
			isa = PBXGroup;
			children = (
				B65C1FEF1D816CF600F1711B /* GQImageCache */,
				B65C1FF81D816CF600F1711B /* GQImageRequestOperation.h */,
				B65C1FF91D816CF600F1711B /* GQImageRequestOperation.m */,
				B65C1FF41D816CF600F1711B /* GQImageDataDownload.h */,
				B65C1FF51D816CF600F1711B /* GQImageDataDownload.m */,
				B65C1FF61D816CF600F1711B /* GQImageView.h */,
				B65C1FF71D816CF600F1711B /* GQImageView.m */,
			);
			path = GQImageDownload;
			sourceTree = "<group>";
		};
		B65C1FEF1D816CF600F1711B /* GQImageCache */ = {
			isa = PBXGroup;
			children = (
				B65C1FF01D816CF600F1711B /* GQGobalPaths.h */,
				B65C1FF11D816CF600F1711B /* GQGobalPaths.m */,
				B65C1FF21D816CF600F1711B /* GQImageCacheManager.h */,
				B65C1FF31D816CF600F1711B /* GQImageCacheManager.m */,
			);
			path = GQImageCache;
			sourceTree = "<group>";
		};
		B695216E1CE2C82F00F288AF /* GQImageViewer */ = {
			isa = PBXGroup;
			children = (
				B6032E281DEE67290060FB0E /* GQImageViewerConst.h */,
				B6032E291DEE67290060FB0E /* GQModel */,
				B6032E2C1DEE67290060FB0E /* GQView */,
				B6032E211DEE65B00060FB0E /* GQBaseObject */,
				B6032E1A1DEE64D50060FB0E /* GQCategory */,
				B65C1FEC1D816CF600F1711B /* GQImageDownload */,
				B61C26C81E30742700D2F94B /* GQThirdPart */,
				B69521711CE2C82F00F288AF /* GQImageViewer.h */,
				B69521721CE2C82F00F288AF /* GQImageViewer.m */,
			);
			name = GQImageViewer;
			path = ../../GQImageViewer;
			sourceTree = "<group>";
		};
		DF0255AC1C34BCCD001E65C2 = {
			isa = PBXGroup;
			children = (
				DF0255B71C34BCCD001E65C2 /* ImageViewer */,
				DF0255D41C34BCCD001E65C2 /* ImageViewerTests */,
				DF0255B61C34BCCD001E65C2 /* Products */,
			);
			sourceTree = "<group>";
		};
		DF0255B61C34BCCD001E65C2 /* Products */ = {
			isa = PBXGroup;
			children = (
				DF0255B51C34BCCD001E65C2 /* ImageViewer.app */,
				DF0255D11C34BCCD001E65C2 /* ImageViewerTests.xctest */,
			);
			name = Products;
			sourceTree = "<group>";
		};
		DF0255B71C34BCCD001E65C2 /* ImageViewer */ = {
			isa = PBXGroup;
			children = (
				B695216E1CE2C82F00F288AF /* GQImageViewer */,
				DF0255BB1C34BCCD001E65C2 /* AppDelegate.h */,
				DF0255BC1C34BCCD001E65C2 /* AppDelegate.m */,
				DF0255E01C34BD89001E65C2 /* DemoViewController.h */,
				DF0255E11C34BD89001E65C2 /* DemoViewController.m */,
				DF0255C71C34BCCD001E65C2 /* Assets.xcassets */,
				DF0255CC1C34BCCD001E65C2 /* Info.plist */,
				DF0255B81C34BCCD001E65C2 /* Supporting Files */,
			);
			path = ImageViewer;
			sourceTree = "<group>";
		};
		DF0255B81C34BCCD001E65C2 /* Supporting Files */ = {
			isa = PBXGroup;
			children = (
				B60B3FB51DF0FB9B00EBF9DA /* image */,
				DF0255B91C34BCCD001E65C2 /* main.m */,
			);
			name = "Supporting Files";
			sourceTree = "<group>";
		};
		DF0255D41C34BCCD001E65C2 /* ImageViewerTests */ = {
			isa = PBXGroup;
			children = (
				DF0255D51C34BCCD001E65C2 /* ImageViewerTests.m */,
				DF0255D71C34BCCD001E65C2 /* Info.plist */,
			);
			path = ImageViewerTests;
			sourceTree = "<group>";
		};
/* End PBXGroup section */

/* Begin PBXNativeTarget section */
		DF0255B41C34BCCD001E65C2 /* ImageViewer */ = {
			isa = PBXNativeTarget;
			buildConfigurationList = DF0255DA1C34BCCD001E65C2 /* Build configuration list for PBXNativeTarget "ImageViewer" */;
			buildPhases = (
				DF0255B11C34BCCD001E65C2 /* Sources */,
				DF0255B21C34BCCD001E65C2 /* Frameworks */,
				DF0255B31C34BCCD001E65C2 /* Resources */,
			);
			buildRules = (
			);
			dependencies = (
			);
			name = ImageViewer;
			productName = ImageViewer;
			productReference = DF0255B51C34BCCD001E65C2 /* ImageViewer.app */;
			productType = "com.apple.product-type.application";
		};
		DF0255D01C34BCCD001E65C2 /* ImageViewerTests */ = {
			isa = PBXNativeTarget;
			buildConfigurationList = DF0255DD1C34BCCD001E65C2 /* Build configuration list for PBXNativeTarget "ImageViewerTests" */;
			buildPhases = (
				DF0255CD1C34BCCD001E65C2 /* Sources */,
				DF0255CE1C34BCCD001E65C2 /* Frameworks */,
				DF0255CF1C34BCCD001E65C2 /* Resources */,
			);
			buildRules = (
			);
			dependencies = (
				DF0255D31C34BCCD001E65C2 /* PBXTargetDependency */,
			);
			name = ImageViewerTests;
			productName = ImageViewerTests;
			productReference = DF0255D11C34BCCD001E65C2 /* ImageViewerTests.xctest */;
			productType = "com.apple.product-type.bundle.unit-test";
		};
/* End PBXNativeTarget section */

/* Begin PBXProject section */
		DF0255AD1C34BCCD001E65C2 /* Project object */ = {
			isa = PBXProject;
			attributes = {
				LastUpgradeCheck = 0720;
				ORGANIZATIONNAME = tusm;
				TargetAttributes = {
					DF0255B41C34BCCD001E65C2 = {
						CreatedOnToolsVersion = 7.2;
						DevelopmentTeam = KT3C6DHFPC;
						ProvisioningStyle = Automatic;
					};
					DF0255D01C34BCCD001E65C2 = {
						CreatedOnToolsVersion = 7.2;
						TestTargetID = DF0255B41C34BCCD001E65C2;
					};
				};
			};
			buildConfigurationList = DF0255B01C34BCCD001E65C2 /* Build configuration list for PBXProject "ImageViewer" */;
			compatibilityVersion = "Xcode 3.2";
			developmentRegion = English;
			hasScannedForEncodings = 0;
			knownRegions = (
				en,
				Base,
			);
			mainGroup = DF0255AC1C34BCCD001E65C2;
			productRefGroup = DF0255B61C34BCCD001E65C2 /* Products */;
			projectDirPath = "";
			projectRoot = "";
			targets = (
				DF0255B41C34BCCD001E65C2 /* ImageViewer */,
				DF0255D01C34BCCD001E65C2 /* ImageViewerTests */,
			);
		};
/* End PBXProject section */

/* Begin PBXResourcesBuildPhase section */
		DF0255B31C34BCCD001E65C2 /* Resources */ = {
			isa = PBXResourcesBuildPhase;
			buildActionMask = 2147483647;
			files = (
				B60B3FC61DF0FC6C00EBF9DA /* 6.jpg in Resources */,
				B60B3FC21DF0FC6C00EBF9DA /* 2.jpg in Resources */,
				DF0255C81C34BCCD001E65C2 /* Assets.xcassets in Resources */,
				B60B3FCB1DF0FC6C00EBF9DA /* 11.jpg in Resources */,
				B60B3FCA1DF0FC6C00EBF9DA /* 10.jpg in Resources */,
				B60B3FC91DF0FC6C00EBF9DA /* 9.jpg in Resources */,
				B60B3FC81DF0FC6C00EBF9DA /* 8.jpg in Resources */,
				B60B3FC71DF0FC6C00EBF9DA /* 7.jpg in Resources */,
				B60B3FC11DF0FC6C00EBF9DA /* 1.jpg in Resources */,
				B61C26D21E30889F00D2F94B /* Rosetta.webp in Resources */,
				B60B3FC51DF0FC6C00EBF9DA /* 5.jpg in Resources */,
				B60B3FC41DF0FC6C00EBF9DA /* 4.jpg in Resources */,
				B60B3FC31DF0FC6C00EBF9DA /* 3.jpg in Resources */,
			);
			runOnlyForDeploymentPostprocessing = 0;
		};
		DF0255CF1C34BCCD001E65C2 /* Resources */ = {
			isa = PBXResourcesBuildPhase;
			buildActionMask = 2147483647;
			files = (
			);
			runOnlyForDeploymentPostprocessing = 0;
		};
/* End PBXResourcesBuildPhase section */

/* Begin PBXSourcesBuildPhase section */
		DF0255B11C34BCCD001E65C2 /* Sources */ = {
			isa = PBXSourcesBuildPhase;
			buildActionMask = 2147483647;
			files = (
				B69521781CE2C82F00F288AF /* GQImageViewer.m in Sources */,
				B6032E361DEE67290060FB0E /* GQTextScrollView.m in Sources */,
				B65C1FFD1D816CF600F1711B /* GQImageDataDownload.m in Sources */,
				B646A70E1E306A9300C90BAC /* UIImage+GQImageViewrCategory.m in Sources */,
				B6032E391DEE67DA0060FB0E /* GQImageViewrConfigure.m in Sources */,
				B65C1FFE1D816CF600F1711B /* GQImageView.m in Sources */,
				B6032E341DEE67290060FB0E /* GQImageCollectionView.m in Sources */,
				B6FF15E71E10CFE100225785 /* GQImageViewrBaseURLRequest.m in Sources */,
				DF0255E21C34BD89001E65C2 /* DemoViewController.m in Sources */,
				B6032E271DEE65C10060FB0E /* GQImageViewrBaseObject.m in Sources */,
				B65C1FFB1D816CF600F1711B /* GQGobalPaths.m in Sources */,
				B6FB8CB31DF01F4E009C4494 /* UIView+GQImageViewrCategory.m in Sources */,
				B6032E1D1DEE64D50060FB0E /* NSData+GQImageViewrCategory.m in Sources */,
				B65C1FFC1D816CF600F1711B /* GQImageCacheManager.m in Sources */,
				B65C1FFF1D816CF600F1711B /* GQImageRequestOperation.m in Sources */,
				B6032E201DEE64EA0060FB0E /* NSString+GQImageViewrCategory.m in Sources */,
				B6032E241DEE65B00060FB0E /* GQBaseCollectionView.m in Sources */,
				DF0255BD1C34BCCD001E65C2 /* AppDelegate.m in Sources */,
				DF0255BA1C34BCCD001E65C2 /* main.m in Sources */,
				B6032E331DEE67290060FB0E /* GQImageViewerModel.m in Sources */,
				B6032E351DEE67290060FB0E /* GQImageScrollView.m in Sources */,
			);
			runOnlyForDeploymentPostprocessing = 0;
		};
		DF0255CD1C34BCCD001E65C2 /* Sources */ = {
			isa = PBXSourcesBuildPhase;
			buildActionMask = 2147483647;
			files = (
				DF0255D61C34BCCD001E65C2 /* ImageViewerTests.m in Sources */,
			);
			runOnlyForDeploymentPostprocessing = 0;
		};
/* End PBXSourcesBuildPhase section */

/* Begin PBXTargetDependency section */
		DF0255D31C34BCCD001E65C2 /* PBXTargetDependency */ = {
			isa = PBXTargetDependency;
			target = DF0255B41C34BCCD001E65C2 /* ImageViewer */;
			targetProxy = DF0255D21C34BCCD001E65C2 /* PBXContainerItemProxy */;
		};
/* End PBXTargetDependency section */

/* Begin XCBuildConfiguration section */
		DF0255D81C34BCCD001E65C2 /* Debug */ = {
			isa = XCBuildConfiguration;
			buildSettings = {
				ALWAYS_SEARCH_USER_PATHS = NO;
				CLANG_CXX_LANGUAGE_STANDARD = "gnu++0x";
				CLANG_CXX_LIBRARY = "libc++";
				CLANG_ENABLE_MODULES = YES;
				CLANG_ENABLE_OBJC_ARC = YES;
				CLANG_WARN_BOOL_CONVERSION = YES;
				CLANG_WARN_CONSTANT_CONVERSION = YES;
				CLANG_WARN_DIRECT_OBJC_ISA_USAGE = YES_ERROR;
				CLANG_WARN_EMPTY_BODY = YES;
				CLANG_WARN_ENUM_CONVERSION = YES;
				CLANG_WARN_INT_CONVERSION = YES;
				CLANG_WARN_OBJC_ROOT_CLASS = YES_ERROR;
				CLANG_WARN_UNREACHABLE_CODE = YES;
				CLANG_WARN__DUPLICATE_METHOD_MATCH = YES;
				"CODE_SIGN_IDENTITY[sdk=iphoneos*]" = "iPhone Developer";
				COPY_PHASE_STRIP = NO;
				DEBUG_INFORMATION_FORMAT = dwarf;
				ENABLE_STRICT_OBJC_MSGSEND = YES;
				ENABLE_TESTABILITY = YES;
				GCC_C_LANGUAGE_STANDARD = gnu99;
				GCC_DYNAMIC_NO_PIC = NO;
				GCC_NO_COMMON_BLOCKS = YES;
				GCC_OPTIMIZATION_LEVEL = 0;
				GCC_PREPROCESSOR_DEFINITIONS = (
					"DEBUG=1",
					"$(inherited)",
				);
				GCC_WARN_64_TO_32_BIT_CONVERSION = YES;
				GCC_WARN_ABOUT_RETURN_TYPE = YES_ERROR;
				GCC_WARN_UNDECLARED_SELECTOR = YES;
				GCC_WARN_UNINITIALIZED_AUTOS = YES_AGGRESSIVE;
				GCC_WARN_UNUSED_FUNCTION = YES;
				GCC_WARN_UNUSED_VARIABLE = YES;
				IPHONEOS_DEPLOYMENT_TARGET = 9.2;
				MTL_ENABLE_DEBUG_INFO = YES;
				ONLY_ACTIVE_ARCH = YES;
				SDKROOT = iphoneos;
				TARGETED_DEVICE_FAMILY = "1,2";
			};
			name = Debug;
		};
		DF0255D91C34BCCD001E65C2 /* Release */ = {
			isa = XCBuildConfiguration;
			buildSettings = {
				ALWAYS_SEARCH_USER_PATHS = NO;
				CLANG_CXX_LANGUAGE_STANDARD = "gnu++0x";
				CLANG_CXX_LIBRARY = "libc++";
				CLANG_ENABLE_MODULES = YES;
				CLANG_ENABLE_OBJC_ARC = YES;
				CLANG_WARN_BOOL_CONVERSION = YES;
				CLANG_WARN_CONSTANT_CONVERSION = YES;
				CLANG_WARN_DIRECT_OBJC_ISA_USAGE = YES_ERROR;
				CLANG_WARN_EMPTY_BODY = YES;
				CLANG_WARN_ENUM_CONVERSION = YES;
				CLANG_WARN_INT_CONVERSION = YES;
				CLANG_WARN_OBJC_ROOT_CLASS = YES_ERROR;
				CLANG_WARN_UNREACHABLE_CODE = YES;
				CLANG_WARN__DUPLICATE_METHOD_MATCH = YES;
				"CODE_SIGN_IDENTITY[sdk=iphoneos*]" = "iPhone Developer";
				COPY_PHASE_STRIP = NO;
				DEBUG_INFORMATION_FORMAT = "dwarf-with-dsym";
				ENABLE_NS_ASSERTIONS = NO;
				ENABLE_STRICT_OBJC_MSGSEND = YES;
				GCC_C_LANGUAGE_STANDARD = gnu99;
				GCC_NO_COMMON_BLOCKS = YES;
				GCC_WARN_64_TO_32_BIT_CONVERSION = YES;
				GCC_WARN_ABOUT_RETURN_TYPE = YES_ERROR;
				GCC_WARN_UNDECLARED_SELECTOR = YES;
				GCC_WARN_UNINITIALIZED_AUTOS = YES_AGGRESSIVE;
				GCC_WARN_UNUSED_FUNCTION = YES;
				GCC_WARN_UNUSED_VARIABLE = YES;
				IPHONEOS_DEPLOYMENT_TARGET = 9.2;
				MTL_ENABLE_DEBUG_INFO = NO;
				SDKROOT = iphoneos;
				TARGETED_DEVICE_FAMILY = "1,2";
				VALIDATE_PRODUCT = YES;
			};
			name = Release;
		};
		DF0255DB1C34BCCD001E65C2 /* Debug */ = {
			isa = XCBuildConfiguration;
			buildSettings = {
				ALWAYS_SEARCH_USER_PATHS = YES;
				ASSETCATALOG_COMPILER_APPICON_NAME = AppIcon;
				CODE_SIGN_IDENTITY = "iPhone Developer";
				"CODE_SIGN_IDENTITY[sdk=iphoneos*]" = "iPhone Developer";
				DEVELOPMENT_TEAM = KT3C6DHFPC;
				FRAMEWORK_SEARCH_PATHS = "\"$(SRCROOT)/../GQImageViewer/GQThirdPart\"";
				GCC_PREPROCESSOR_DEFINITIONS = (
					"DEBUG=1",
					"$(inherited)",
					"GQ_WEBP=1",
				);
				INFOPLIST_FILE = ImageViewer/Info.plist;
				IPHONEOS_DEPLOYMENT_TARGET = 7.0;
				LD_RUNPATH_SEARCH_PATHS = "$(inherited) @executable_path/Frameworks";
				OTHER_LDFLAGS = "";
				PRODUCT_BUNDLE_IDENTIFIER = cn.gq.imageviewers;
				PRODUCT_NAME = "$(TARGET_NAME)";
			};
			name = Debug;
		};
		DF0255DC1C34BCCD001E65C2 /* Release */ = {
			isa = XCBuildConfiguration;
			buildSettings = {
				ALWAYS_SEARCH_USER_PATHS = YES;
				ASSETCATALOG_COMPILER_APPICON_NAME = AppIcon;
				CODE_SIGN_IDENTITY = "iPhone Developer";
				"CODE_SIGN_IDENTITY[sdk=iphoneos*]" = "iPhone Developer";
				DEVELOPMENT_TEAM = KT3C6DHFPC;
				INFOPLIST_FILE = ImageViewer/Info.plist;
				IPHONEOS_DEPLOYMENT_TARGET = 7.0;
				LD_RUNPATH_SEARCH_PATHS = "$(inherited) @executable_path/Frameworks";
				OTHER_LDFLAGS = "";
				PRODUCT_BUNDLE_IDENTIFIER = cn.gq.imageviewers;
				PRODUCT_NAME = "$(TARGET_NAME)";
			};
			name = Release;
		};
		DF0255DE1C34BCCD001E65C2 /* Debug */ = {
			isa = XCBuildConfiguration;
			buildSettings = {
				BUNDLE_LOADER = "$(TEST_HOST)";
				INFOPLIST_FILE = ImageViewerTests/Info.plist;
				LD_RUNPATH_SEARCH_PATHS = "$(inherited) @executable_path/Frameworks @loader_path/Frameworks";
				PRODUCT_BUNDLE_IDENTIFIER = gq.ImageViewerTests;
				PRODUCT_NAME = "$(TARGET_NAME)";
				TEST_HOST = "$(BUILT_PRODUCTS_DIR)/ImageViewer.app/ImageViewer";
			};
			name = Debug;
		};
		DF0255DF1C34BCCD001E65C2 /* Release */ = {
			isa = XCBuildConfiguration;
			buildSettings = {
				BUNDLE_LOADER = "$(TEST_HOST)";
				INFOPLIST_FILE = ImageViewerTests/Info.plist;
				LD_RUNPATH_SEARCH_PATHS = "$(inherited) @executable_path/Frameworks @loader_path/Frameworks";
				PRODUCT_BUNDLE_IDENTIFIER = gq.ImageViewerTests;
				PRODUCT_NAME = "$(TARGET_NAME)";
				TEST_HOST = "$(BUILT_PRODUCTS_DIR)/ImageViewer.app/ImageViewer";
			};
			name = Release;
		};
/* End XCBuildConfiguration section */

/* Begin XCConfigurationList section */
		DF0255B01C34BCCD001E65C2 /* Build configuration list for PBXProject "ImageViewer" */ = {
			isa = XCConfigurationList;
			buildConfigurations = (
				DF0255D81C34BCCD001E65C2 /* Debug */,
				DF0255D91C34BCCD001E65C2 /* Release */,
			);
			defaultConfigurationIsVisible = 0;
			defaultConfigurationName = Release;
		};
		DF0255DA1C34BCCD001E65C2 /* Build configuration list for PBXNativeTarget "ImageViewer" */ = {
			isa = XCConfigurationList;
			buildConfigurations = (
				DF0255DB1C34BCCD001E65C2 /* Debug */,
				DF0255DC1C34BCCD001E65C2 /* Release */,
			);
			defaultConfigurationIsVisible = 0;
			defaultConfigurationName = Release;
		};
		DF0255DD1C34BCCD001E65C2 /* Build configuration list for PBXNativeTarget "ImageViewerTests" */ = {
			isa = XCConfigurationList;
			buildConfigurations = (
				DF0255DE1C34BCCD001E65C2 /* Debug */,
				DF0255DF1C34BCCD001E65C2 /* Release */,
			);
			defaultConfigurationIsVisible = 0;
			defaultConfigurationName = Release;
		};
/* End XCConfigurationList section */
	};
	rootObject = DF0255AD1C34BCCD001E65C2 /* Project object */;
}
